
Microsoft Visual Studio Solution File, Format Version 12.00
# Visual Studio Version 16
VisualStudioVersion = 16.0.31624.102
MinimumVisualStudioVersion = 10.0.40219.1
Project("{FAE04EC0-301F-11D3-BF4B-00C04F79EFBC}") = "MakeGenericAgain", "MakeGenericAgain\MakeGenericAgain.csproj", "{56A01E58-0CBD-423E-A222-A37D8FFD2925}"
EndProject
Global
	GlobalSection(SolutionConfigurationPlatforms) = preSolution
		Debug|Any CPU = Debug|Any CPU
		Release|Any CPU = Release|Any CPU
	EndGlobalSection
	GlobalSection(ProjectConfigurationPlatforms) = postSolution
		{56A01E58-0CBD-423E-A222-A37D8FFD2925}.Debug|Any CPU.ActiveCfg = Debug|Any CPU
		{56A01E58-0CBD-423E-A222-A37D8FFD2925}.Debug|Any CPU.Build.0 = Debug|Any CPU
		{56A01E58-0CBD-423E-A222-A37D8FFD2925}.Release|Any CPU.ActiveCfg = Release|Any CPU
		{56A01E58-0CBD-423E-A222-A37D8FFD2925}.Release|Any CPU.Build.0 = Release|Any CPU
	EndGlobalSection
	GlobalSection(SolutionProperties) = preSolution
		HideSolutionNode = FALSE
	EndGlobalSection
	GlobalSection(ExtensibilityGlobals) = postSolution
		SolutionGuid = {C86C1F88-2FC6-4C0E-80B4-A45BA9FC0259}
	EndGlobalSection
EndGlobal
